
Microsoft Visual Studio Solution File, Format Version 12.00
# Visual Studio Version 16
VisualStudioVersion = 25.0.1706.7
MinimumVisualStudioVersion = 10.0.40219.1
Project("{FAE04EC0-301F-11D3-BF4B-00C04F79EFBC}") = "Server", "Server\Server.csproj", "{8C893E59-153A-452C-B6CA-1C0A66D15070}"
EndProject
Project("{FAE04EC0-301F-11D3-BF4B-00C04F79EFBC}") = "Shared", "Shared\Shared.csproj", "{07C8C028-9326-4C7D-9510-EFF947025FE3}"
EndProject
Project("{FAE04EC0-301F-11D3-BF4B-00C04F79EFBC}") = "Client", "Client\Client.csproj", "{1B70C2A7-903B-47B3-A0D1-B962950BBCE7}"
EndProject
Global
	GlobalSection(SolutionConfigurationPlatforms) = preSolution
		Debug|Any CPU = Debug|Any CPU
		Release|Any CPU = Release|Any CPU
	EndGlobalSection
	GlobalSection(ProjectConfigurationPlatforms) = postSolution
		{8C893E59-153A-452C-B6CA-1C0A66D15070}.Debug|Any CPU.ActiveCfg = Debug|Any CPU
		{8C893E59-153A-452C-B6CA-1C0A66D15070}.Debug|Any CPU.Build.0 = Debug|Any CPU
		{8C893E59-153A-452C-B6CA-1C0A66D15070}.Release|Any CPU.ActiveCfg = Release|Any CPU
		{8C893E59-153A-452C-B6CA-1C0A66D15070}.Release|Any CPU.Build.0 = Release|Any CPU
		{07C8C028-9326-4C7D-9510-EFF947025FE3}.Debug|Any CPU.ActiveCfg = Debug|Any CPU
		{07C8C028-9326-4C7D-9510-EFF947025FE3}.Debug|Any CPU.Build.0 = Debug|Any CPU
		{07C8C028-9326-4C7D-9510-EFF947025FE3}.Release|Any CPU.ActiveCfg = Release|Any CPU
		{07C8C028-9326-4C7D-9510-EFF947025FE3}.Release|Any CPU.Build.0 = Release|Any CPU
		{1B70C2A7-903B-47B3-A0D1-B962950BBCE7}.Debug|Any CPU.ActiveCfg = Debug|Any CPU
		{1B70C2A7-903B-47B3-A0D1-B962950BBCE7}.Debug|Any CPU.Build.0 = Debug|Any CPU
		{1B70C2A7-903B-47B3-A0D1-B962950BBCE7}.Release|Any CPU.ActiveCfg = Release|Any CPU
		{1B70C2A7-903B-47B3-A0D1-B962950BBCE7}.Release|Any CPU.Build.0 = Release|Any CPU
	EndGlobalSection
	GlobalSection(SolutionProperties) = preSolution
		HideSolutionNode = FALSE
	EndGlobalSection
	GlobalSection(ExtensibilityGlobals) = postSolution
		SolutionGuid = {E4736D11-5753-4363-A402-4C890957EDE9}
	EndGlobalSection
EndGlobal
